
Microsoft Visual Studio Solution File, Format Version 12.00
# Visual Studio Version 17
VisualStudioVersion = 17.9.34714.143
MinimumVisualStudioVersion = 10.0.40219.1
Project("{FAE04EC0-301F-11D3-BF4B-00C04F79EFBC}") = "LearnGit", "LearnGit.csproj", "{0B8E1173-877F-4D04-AA3D-A9D8D4942F0A}"
EndProject
Global
	GlobalSection(SolutionConfigurationPlatforms) = preSolution
		Debug|Any CPU = Debug|Any CPU
		Release|Any CPU = Release|Any CPU
	EndGlobalSection
	GlobalSection(ProjectConfigurationPlatforms) = postSolution
		{0B8E1173-877F-4D04-AA3D-A9D8D4942F0A}.Debug|Any CPU.ActiveCfg = Debug|Any CPU
		{0B8E1173-877F-4D04-AA3D-A9D8D4942F0A}.Debug|Any CPU.Build.0 = Debug|Any CPU
		{0B8E1173-877F-4D04-AA3D-A9D8D4942F0A}.Release|Any CPU.ActiveCfg = Release|Any CPU
		{0B8E1173-877F-4D04-AA3D-A9D8D4942F0A}.Release|Any CPU.Build.0 = Release|Any CPU
	EndGlobalSection
	GlobalSection(SolutionProperties) = preSolution
		HideSolutionNode = FALSE
	EndGlobalSection
	GlobalSection(ExtensibilityGlobals) = postSolution
		SolutionGuid = {F62C33C7-DC6B-4B1A-A093-309F72644172}
	EndGlobalSection
EndGlobal
